
Microsoft Visual Studio Solution File, Format Version 12.00
# Visual Studio Version 17
VisualStudioVersion = 17.5.33502.453
MinimumVisualStudioVersion = 10.0.40219.1
Project("{FAE04EC0-301F-11D3-BF4B-00C04F79EFBC}") = "RestSyncAPI", "RestSyncAPI\RestSyncAPI.csproj", "{17506EA8-B7D1-406C-961A-15836A4C2907}"
EndProject
Global
	GlobalSection(SolutionConfigurationPlatforms) = preSolution
		Debug|Any CPU = Debug|Any CPU
		Release|Any CPU = Release|Any CPU
	EndGlobalSection
	GlobalSection(ProjectConfigurationPlatforms) = postSolution
		{17506EA8-B7D1-406C-961A-15836A4C2907}.Debug|Any CPU.ActiveCfg = Debug|Any CPU
		{17506EA8-B7D1-406C-961A-15836A4C2907}.Debug|Any CPU.Build.0 = Debug|Any CPU
		{17506EA8-B7D1-406C-961A-15836A4C2907}.Release|Any CPU.ActiveCfg = Release|Any CPU
		{17506EA8-B7D1-406C-961A-15836A4C2907}.Release|Any CPU.Build.0 = Release|Any CPU
	EndGlobalSection
	GlobalSection(SolutionProperties) = preSolution
		HideSolutionNode = FALSE
	EndGlobalSection
	GlobalSection(ExtensibilityGlobals) = postSolution
		SolutionGuid = {2FA1E76D-6129-429A-82E2-85942726DD48}
	EndGlobalSection
EndGlobal
